{
  "name": "@advanced-rest-client/authorization-data-saver",
  "version": "3.0.0",
  "lockfileVersion": 1,
  "requires": true,
  "dependencies": {
    "@advanced-rest-client/arc-fit-mixin": {
      "version": "1.0.2",
      "resolved": "https://registry.npmjs.org/@advanced-rest-client/arc-fit-mixin/-/arc-fit-mixin-1.0.2.tgz",
      "integrity": "sha512-0srOPDmdleSj3gnCmJvsu35ahpviPIT4BhwZH7dRpX5E6ySgegC0ybXsd8Jq+7zl0xLGuxoQy+m8BqFyHuzmqg=="
    },
    "@advanced-rest-client/arc-icons": {
      "version": "3.0.1",
      "resolved": "https://registry.npmjs.org/@advanced-rest-client/arc-icons/-/arc-icons-3.0.1.tgz",
      "integrity": "sha512-pzRtv6VXctOBfL8vCIU7xyA5l2WKv+cUBmWk1tXToF89F7R+Bn4LA5x2lOw3z3p9WDJ/b+hwbN11Ksdgh78WMw==",
      "requires": {
        "@polymer/iron-icon": "^3.0.0",
        "@polymer/iron-iconset-svg": "^3.0.0"
      }
    },
    "@advanced-rest-client/arc-overlay-mixin": {
      "version": "1.0.3",
      "resolved": "https://registry.npmjs.org/@advanced-rest-client/arc-overlay-mixin/-/arc-overlay-mixin-1.0.3.tgz",
      "integrity": "sha512-LX8+sSwIZ3PCHP7qSO6m7oOtPeIxhYD549fkDh0legiW/NfVbt8XJwMjN053QMJMN8l76GRdfnUfUisI+1LFFg==",
      "requires": {
        "@advanced-rest-client/arc-fit-mixin": "^1.0.2",
        "@advanced-rest-client/arc-resizable-mixin": "^1.0.0"
      }
    },
    "@advanced-rest-client/arc-resizable-mixin": {
      "version": "1.0.0",
      "resolved": "https://registry.npmjs.org/@advanced-rest-client/arc-resizable-mixin/-/arc-resizable-mixin-1.0.0.tgz",
      "integrity": "sha512-xQFafw0mk/6MHBLQSZ9YLLRJ7jb+wZsmAnAAqdrurjSIAQWxmKajLd7EaLhtup3spKGLGvI3xHk2ahyQ7xxbPQ=="
    },
    "@advanced-rest-client/auth-dialogs": {
      "version": "3.0.0",
      "resolved": "https://registry.npmjs.org/@advanced-rest-client/auth-dialogs/-/auth-dialogs-3.0.0.tgz",
      "integrity": "sha512-zZE6h4ovPnUCO/NnBgYaT+guOpOXh+0+kHs+1LXi1mK3ieO36qWgtOcpnLKhatommT8HoJUJffXot7VYW0jPiw==",
      "requires": {
        "@anypoint-web-components/anypoint-button": "^1.0.10",
        "@anypoint-web-components/anypoint-dialog": "^0.1.1",
        "@anypoint-web-components/anypoint-input": "^0.2.5",
        "lit-element": "^2.2.1"
      }
    },
    "@advanced-rest-client/headers-parser-mixin": {
      "version": "3.0.0",
      "resolved": "https://registry.npmjs.org/@advanced-rest-client/headers-parser-mixin/-/headers-parser-mixin-3.0.0.tgz",
      "integrity": "sha512-geewQcHgJ0au6DubnWJr9s9ZYpUFDaA22J561rTO6K1dUxm02Py/CJlBhYq4NE4v7FE+Q2toZ2GDunJsyHhy5g==",
      "requires": {
        "@polymer/polymer": "^3.0.0"
      }
    },
    "@anypoint-web-components/anypoint-button": {
      "version": "1.0.11",
      "resolved": "https://registry.npmjs.org/@anypoint-web-components/anypoint-button/-/anypoint-button-1.0.11.tgz",
      "integrity": "sha512-lGlANtSoAOPCrCewkaR43xvrmeWtnTRdlfkPQEIGHZmub1oUCz7jU2/BxiDj67jIiuhZt4rkOHWiRQg1sU6Www==",
      "requires": {
        "@anypoint-web-components/anypoint-control-mixins": "^1.0.2",
        "@polymer/paper-ripple": "^3.0.1",
        "lit-element": "^2.2.1"
      }
    },
    "@anypoint-web-components/anypoint-control-mixins": {
      "version": "1.0.2",
      "resolved": "https://registry.npmjs.org/@anypoint-web-components/anypoint-control-mixins/-/anypoint-control-mixins-1.0.2.tgz",
      "integrity": "sha512-L/uN9NQ/NfnfJ+DreLMEhQo6QKRmGlrgvzq6z9c15V4TFm3K/SnYDXMpn9GpMtLeBpM0E/Quu4Vb25n23SYzHA==",
      "requires": {
        "@polymer/polymer": "^3.3.0"
      }
    },
    "@anypoint-web-components/anypoint-dialog": {
      "version": "0.1.1",
      "resolved": "https://registry.npmjs.org/@anypoint-web-components/anypoint-dialog/-/anypoint-dialog-0.1.1.tgz",
      "integrity": "sha512-hFwcMLmyGxlu/P5AHs4EteVc9livTO5GPE04kUNb2fudb1HFB+AWD1+zZCdm8OvoRNAs2aNslBFP/qQWSC4Rqg==",
      "requires": {
        "@advanced-rest-client/arc-overlay-mixin": "^1.0.3",
        "lit-element": "^2.0.1",
        "lit-html": "^1.0.0"
      }
    },
    "@anypoint-web-components/anypoint-input": {
      "version": "0.2.5",
      "resolved": "https://registry.npmjs.org/@anypoint-web-components/anypoint-input/-/anypoint-input-0.2.5.tgz",
      "integrity": "sha512-M8U5c3xKTLPBlXJYwKzLw3IdeU1Y8vlbah0m8zlADVgwXqoxZfv5ENEVhJ5Wf6wtGdQG9rR3xiOzJLeS/Q5iJQ==",
      "requires": {
        "@advanced-rest-client/arc-icons": "^3.0.0",
        "@anypoint-web-components/anypoint-button": "^1.0.11",
        "@anypoint-web-components/anypoint-control-mixins": "^1.0.2",
        "@anypoint-web-components/validatable-mixin": "^1.0.2",
        "@polymer/iron-icon": "^3.0.1",
        "lit-element": "^2.0.1",
        "lit-html": "^1.1.2"
      }
    },
    "@anypoint-web-components/validatable-mixin": {
      "version": "1.0.2",
      "resolved": "https://registry.npmjs.org/@anypoint-web-components/validatable-mixin/-/validatable-mixin-1.0.2.tgz",
      "integrity": "sha512-i6AvxftvjAsKGx+pWFiHBsaQ2AneYAQ9fJ8+f2S4Yrxoj0/iINzXm6lT4TL6axpa0QU4+LTinPb8Y45X3M0JQA==",
      "requires": {
        "@polymer/iron-meta": "^3.0.1"
      }
    },
    "@polymer/iron-a11y-keys-behavior": {
      "version": "3.0.1",
      "resolved": "https://registry.npmjs.org/@polymer/iron-a11y-keys-behavior/-/iron-a11y-keys-behavior-3.0.1.tgz",
      "integrity": "sha512-lnrjKq3ysbBPT/74l0Fj0U9H9C35Tpw2C/tpJ8a+5g8Y3YJs1WSZYnEl1yOkw6sEyaxOq/1DkzH0+60gGu5/PQ==",
      "requires": {
        "@polymer/polymer": "^3.0.0"
      }
    },
    "@polymer/iron-flex-layout": {
      "version": "3.0.1",
      "resolved": "https://registry.npmjs.org/@polymer/iron-flex-layout/-/iron-flex-layout-3.0.1.tgz",
      "integrity": "sha512-7gB869czArF+HZcPTVSgvA7tXYFze9EKckvM95NB7SqYF+NnsQyhoXgKnpFwGyo95lUjUW9TFDLUwDXnCYFtkw==",
      "requires": {
        "@polymer/polymer": "^3.0.0"
      }
    },
    "@polymer/iron-icon": {
      "version": "3.0.1",
      "resolved": "https://registry.npmjs.org/@polymer/iron-icon/-/iron-icon-3.0.1.tgz",
      "integrity": "sha512-QLPwirk+UPZNaLnMew9VludXA4CWUCenRewgEcGYwdzVgDPCDbXxy6vRJjmweZobMQv/oVLppT2JZtJFnPxX6g==",
      "requires": {
        "@polymer/iron-flex-layout": "^3.0.0-pre.26",
        "@polymer/iron-meta": "^3.0.0-pre.26",
        "@polymer/polymer": "^3.0.0"
      }
    },
    "@polymer/iron-iconset-svg": {
      "version": "3.0.1",
      "resolved": "https://registry.npmjs.org/@polymer/iron-iconset-svg/-/iron-iconset-svg-3.0.1.tgz",
      "integrity": "sha512-XNwURbNHRw6u2fJe05O5fMYye6GSgDlDqCO+q6K1zAnKIrpgZwf2vTkBd5uCcZwsN0FyCB3mvNZx4jkh85dRDw==",
      "requires": {
        "@polymer/iron-meta": "^3.0.0-pre.26",
        "@polymer/polymer": "^3.0.0"
      }
    },
    "@polymer/iron-meta": {
      "version": "3.0.1",
      "resolved": "https://registry.npmjs.org/@polymer/iron-meta/-/iron-meta-3.0.1.tgz",
      "integrity": "sha512-pWguPugiLYmWFV9UWxLWzZ6gm4wBwQdDy4VULKwdHCqR7OP7u98h+XDdGZsSlDPv6qoryV/e3tGHlTIT0mbzJA==",
      "requires": {
        "@polymer/polymer": "^3.0.0"
      }
    },
    "@polymer/paper-ripple": {
      "version": "3.0.1",
      "resolved": "https://registry.npmjs.org/@polymer/paper-ripple/-/paper-ripple-3.0.1.tgz",
      "integrity": "sha512-dgOe12GyCF1VZBLUQqnzGWlf3xb255FajNCVB1VFj/AtskYtoamnafa7m3a+1vs+C8qbg4Benn5KwgxVDSW4cg==",
      "requires": {
        "@polymer/iron-a11y-keys-behavior": "^3.0.0-pre.26",
        "@polymer/polymer": "^3.0.0"
      }
    },
    "@polymer/polymer": {
      "version": "3.3.0",
      "resolved": "https://registry.npmjs.org/@polymer/polymer/-/polymer-3.3.0.tgz",
      "integrity": "sha512-rij7suomS7DxdBamnwr/Xa0V5hpypf7I9oYKseF2FWz5Xh2a3wJNpVjgJy1adXVCxqIyPhghsrthnfCt7EblsQ==",
      "requires": {
        "@webcomponents/shadycss": "^1.9.1"
      }
    },
    "@webcomponents/shadycss": {
      "version": "1.9.1",
      "resolved": "https://registry.npmjs.org/@webcomponents/shadycss/-/shadycss-1.9.1.tgz",
      "integrity": "sha512-IaZOnWOKXHghqk/WfPNDRIgDBi3RsVPY2IFAw6tYiL9UBGvQRy5R6uC+Fk7qTZsReTJ0xh5MTT8yAcb3MUR4mQ=="
    },
    "lit-element": {
      "version": "2.2.1",
      "resolved": "https://registry.npmjs.org/lit-element/-/lit-element-2.2.1.tgz",
      "integrity": "sha512-ipDcgQ1EpW6Va2Z6dWm79jYdimVepO5GL0eYkZrFvdr0OD/1N260Q9DH+K5HXHFrRoC7dOg+ZpED2XE0TgGdXw==",
      "requires": {
        "lit-html": "^1.0.0"
      }
    },
    "lit-html": {
      "version": "1.1.2",
      "resolved": "https://registry.npmjs.org/lit-html/-/lit-html-1.1.2.tgz",
      "integrity": "sha512-FFlUMKHKi+qG1x1iHNZ1hrtc/zHmfYTyrSvs3/wBTvaNtpZjOZGWzU7efGYVpgp6KvWeKF6ql9/KsCq6Z/mEDA=="
    }
  }
}
